
Microsoft Visual Studio Solution File, Format Version 11.00
# Visual Studio 2010
Project("{FAE04EC0-301F-11D3-BF4B-00C04F79EFBC}") = "Scaffolding", "Scaffolding\Scaffolding.csproj", "{469A49BA-6832-42BF-8B96-63AB2FAFC57A}"
EndProject
Project("{FAE04EC0-301F-11D3-BF4B-00C04F79EFBC}") = "Scaffolding.Tests", "Scaffolding.Tests\Scaffolding.Tests.csproj", "{B61374CC-1F13-46E8-9056-FE90AAC82994}"
EndProject
Global
	GlobalSection(SolutionConfigurationPlatforms) = preSolution
		Debug|Any CPU = Debug|Any CPU
		Release|Any CPU = Release|Any CPU
	EndGlobalSection
	GlobalSection(ProjectConfigurationPlatforms) = postSolution
		{469A49BA-6832-42BF-8B96-63AB2FAFC57A}.Debug|Any CPU.ActiveCfg = Debug|Any CPU
		{469A49BA-6832-42BF-8B96-63AB2FAFC57A}.Debug|Any CPU.Build.0 = Debug|Any CPU
		{469A49BA-6832-42BF-8B96-63AB2FAFC57A}.Release|Any CPU.ActiveCfg = Release|Any CPU
		{469A49BA-6832-42BF-8B96-63AB2FAFC57A}.Release|Any CPU.Build.0 = Release|Any CPU
		{B61374CC-1F13-46E8-9056-FE90AAC82994}.Debug|Any CPU.ActiveCfg = Debug|Any CPU
		{B61374CC-1F13-46E8-9056-FE90AAC82994}.Debug|Any CPU.Build.0 = Debug|Any CPU
		{B61374CC-1F13-46E8-9056-FE90AAC82994}.Release|Any CPU.ActiveCfg = Release|Any CPU
		{B61374CC-1F13-46E8-9056-FE90AAC82994}.Release|Any CPU.Build.0 = Release|Any CPU
	EndGlobalSection
	GlobalSection(SolutionProperties) = preSolution
		HideSolutionNode = FALSE
	EndGlobalSection
EndGlobal
