
Microsoft Visual Studio Solution File, Format Version 11.00
# Visual Studio 2010
Project("{FAE04EC0-301F-11D3-BF4B-00C04F79EFBC}") = "ReminderDemo", "ReminderDemo\ReminderDemo.csproj", "{0B1BE76F-FCCE-4781-B740-AC82E8C34108}"
EndProject
Global
	GlobalSection(SolutionConfigurationPlatforms) = preSolution
		Debug|Any CPU = Debug|Any CPU
		Release|Any CPU = Release|Any CPU
	EndGlobalSection
	GlobalSection(ProjectConfigurationPlatforms) = postSolution
		{0B1BE76F-FCCE-4781-B740-AC82E8C34108}.Debug|Any CPU.ActiveCfg = Debug|Any CPU
		{0B1BE76F-FCCE-4781-B740-AC82E8C34108}.Debug|Any CPU.Build.0 = Debug|Any CPU
		{0B1BE76F-FCCE-4781-B740-AC82E8C34108}.Debug|Any CPU.Deploy.0 = Debug|Any CPU
		{0B1BE76F-FCCE-4781-B740-AC82E8C34108}.Release|Any CPU.ActiveCfg = Release|Any CPU
		{0B1BE76F-FCCE-4781-B740-AC82E8C34108}.Release|Any CPU.Build.0 = Release|Any CPU
		{0B1BE76F-FCCE-4781-B740-AC82E8C34108}.Release|Any CPU.Deploy.0 = Release|Any CPU
	EndGlobalSection
	GlobalSection(SolutionProperties) = preSolution
		HideSolutionNode = FALSE
	EndGlobalSection
EndGlobal
