
Microsoft Visual Studio Solution File, Format Version 11.00
# Visual Studio 2010
Project("{FAE04EC0-301F-11D3-BF4B-00C04F79EFBC}") = "SDCC-DI", "SDCC-DI\SDCC-DI.csproj", "{570BD6D4-6A37-48AF-AC1D-458C8088C77E}"
EndProject
Project("{FAE04EC0-301F-11D3-BF4B-00C04F79EFBC}") = "SDCC-DI.Tests", "SDCC-DI.Tests\SDCC-DI.Tests.csproj", "{A4FC785B-8E13-4287-AB4A-B5D2F373124F}"
EndProject
Global
	GlobalSection(SolutionConfigurationPlatforms) = preSolution
		Debug|Any CPU = Debug|Any CPU
		Release|Any CPU = Release|Any CPU
	EndGlobalSection
	GlobalSection(ProjectConfigurationPlatforms) = postSolution
		{570BD6D4-6A37-48AF-AC1D-458C8088C77E}.Debug|Any CPU.ActiveCfg = Debug|Any CPU
		{570BD6D4-6A37-48AF-AC1D-458C8088C77E}.Debug|Any CPU.Build.0 = Debug|Any CPU
		{570BD6D4-6A37-48AF-AC1D-458C8088C77E}.Release|Any CPU.ActiveCfg = Release|Any CPU
		{570BD6D4-6A37-48AF-AC1D-458C8088C77E}.Release|Any CPU.Build.0 = Release|Any CPU
		{A4FC785B-8E13-4287-AB4A-B5D2F373124F}.Debug|Any CPU.ActiveCfg = Debug|Any CPU
		{A4FC785B-8E13-4287-AB4A-B5D2F373124F}.Debug|Any CPU.Build.0 = Debug|Any CPU
		{A4FC785B-8E13-4287-AB4A-B5D2F373124F}.Release|Any CPU.ActiveCfg = Release|Any CPU
		{A4FC785B-8E13-4287-AB4A-B5D2F373124F}.Release|Any CPU.Build.0 = Release|Any CPU
	EndGlobalSection
	GlobalSection(SolutionProperties) = preSolution
		HideSolutionNode = FALSE
	EndGlobalSection
EndGlobal
