
Microsoft Visual Studio Solution File, Format Version 11.00
# Visual Studio 2010
Project("{FAE04EC0-301F-11D3-BF4B-00C04F79EFBC}") = "BackgroundAgents", "BackgroundAgents\BackgroundAgents.csproj", "{2DFE9617-4D47-4267-AD0E-25D019BAD9F0}"
EndProject
Project("{FAE04EC0-301F-11D3-BF4B-00C04F79EFBC}") = "ScheduledTaskAgent1", "ScheduledTaskAgent1\ScheduledTaskAgent1.csproj", "{75757ED4-8277-4137-8AD7-A8F60389C468}"
EndProject
Global
	GlobalSection(SolutionConfigurationPlatforms) = preSolution
		Debug|Any CPU = Debug|Any CPU
		Release|Any CPU = Release|Any CPU
	EndGlobalSection
	GlobalSection(ProjectConfigurationPlatforms) = postSolution
		{2DFE9617-4D47-4267-AD0E-25D019BAD9F0}.Debug|Any CPU.ActiveCfg = Debug|Any CPU
		{2DFE9617-4D47-4267-AD0E-25D019BAD9F0}.Debug|Any CPU.Build.0 = Debug|Any CPU
		{2DFE9617-4D47-4267-AD0E-25D019BAD9F0}.Debug|Any CPU.Deploy.0 = Debug|Any CPU
		{2DFE9617-4D47-4267-AD0E-25D019BAD9F0}.Release|Any CPU.ActiveCfg = Release|Any CPU
		{2DFE9617-4D47-4267-AD0E-25D019BAD9F0}.Release|Any CPU.Build.0 = Release|Any CPU
		{2DFE9617-4D47-4267-AD0E-25D019BAD9F0}.Release|Any CPU.Deploy.0 = Release|Any CPU
		{75757ED4-8277-4137-8AD7-A8F60389C468}.Debug|Any CPU.ActiveCfg = Debug|Any CPU
		{75757ED4-8277-4137-8AD7-A8F60389C468}.Debug|Any CPU.Build.0 = Debug|Any CPU
		{75757ED4-8277-4137-8AD7-A8F60389C468}.Release|Any CPU.ActiveCfg = Release|Any CPU
		{75757ED4-8277-4137-8AD7-A8F60389C468}.Release|Any CPU.Build.0 = Release|Any CPU
	EndGlobalSection
	GlobalSection(SolutionProperties) = preSolution
		HideSolutionNode = FALSE
	EndGlobalSection
EndGlobal
